
Microsoft Visual Studio Solution File, Format Version 12.00
# Visual Studio 15
VisualStudioVersion = 15.0.28010.2026
MinimumVisualStudioVersion = 10.0.40219.1
Project("{8BC9CEB8-8B4A-11D0-8D11-00A0C91BC942}") = "Week-6-Arrays", "Week-6-Arrays\Week-6-Arrays.vcxproj", "{2321062E-A325-46E0-9699-C5E0E8FFEF64}"
EndProject
Global
	GlobalSection(SolutionConfigurationPlatforms) = preSolution
		Debug|x64 = Debug|x64
		Debug|x86 = Debug|x86
		Release|x64 = Release|x64
		Release|x86 = Release|x86
	EndGlobalSection
	GlobalSection(ProjectConfigurationPlatforms) = postSolution
		{2321062E-A325-46E0-9699-C5E0E8FFEF64}.Debug|x64.ActiveCfg = Debug|x64
		{2321062E-A325-46E0-9699-C5E0E8FFEF64}.Debug|x64.Build.0 = Debug|x64
		{2321062E-A325-46E0-9699-C5E0E8FFEF64}.Debug|x86.ActiveCfg = Debug|Win32
		{2321062E-A325-46E0-9699-C5E0E8FFEF64}.Debug|x86.Build.0 = Debug|Win32
		{2321062E-A325-46E0-9699-C5E0E8FFEF64}.Release|x64.ActiveCfg = Release|x64
		{2321062E-A325-46E0-9699-C5E0E8FFEF64}.Release|x64.Build.0 = Release|x64
		{2321062E-A325-46E0-9699-C5E0E8FFEF64}.Release|x86.ActiveCfg = Release|Win32
		{2321062E-A325-46E0-9699-C5E0E8FFEF64}.Release|x86.Build.0 = Release|Win32
	EndGlobalSection
	GlobalSection(SolutionProperties) = preSolution
		HideSolutionNode = FALSE
	EndGlobalSection
	GlobalSection(ExtensibilityGlobals) = postSolution
		SolutionGuid = {4E6F1110-F2A3-4E39-8366-738110E69F0A}
	EndGlobalSection
EndGlobal
